{
  "version": 4,
  "terraform_version": "1.4.2",
  "serial": 43,
  "lineage": "a0c06286-849d-b6b9-9f4f-2bf610b828ca",
  "outputs": {
    "k8s-cluster-id": {
      "value": "ocid1.cluster.oc1.iad.aaaaaaaaq7le7hzkpnuhb4otx7zwb3lajafwfsjqoajya67gacpj57sywnda",
      "type": "string"
    },
    "public_subnet_id": {
      "value": "ocid1.subnet.oc1.iad.aaaaaaaagnjsqn3tfaw2ei4pq4rqcynjd4n5jwqo7izeofzabyy4a5m3nomq",
      "type": "string"
    }
  },
  "resources": [
    {
      "mode": "data",
      "type": "oci_core_images",
      "name": "latest_image",
      "provider": "provider[\"registry.terraform.io/hashicorp/oci\"]",
      "instances": [
        {
          "schema_version": 0,
          "attributes": {
            "compartment_id": "ocid1.compartment.oc1..aaaaaaaayqbtwebwgjiufspbgt2vzwh4dhmh7pgburzijhed4i74o7xqdnwa",
            "display_name": null,
            "filter": [
              {
                "name": "display_name",
                "regex": true,
                "values": [
                  "^.*aarch64-.*$"
                ]
              }
            ],
            "id": "CoreImagesDataSource-2079609722",
            "images": [
              {
                "agent_features": [],
                "base_image_id": "",
                "billable_size_in_gbs": "4",
                "compartment_id": "",
                "create_image_allowed": true,
                "defined_tags": {},
                "display_name": "Oracle-Linux-7.9-aarch64-2023.02.28-1",
                "freeform_tags": {},
                "id": "ocid1.image.oc1.iad.aaaaaaaalzsjixps63nkly524aw5a6fwau4ltg3r6bc7n37icnhnkiauelbq",
                "image_source_details": [],
                "instance_id": "",
                "launch_mode": "NATIVE",
                "launch_options": [
                  {
                    "boot_volume_type": "PARAVIRTUALIZED",
                    "firmware": "UEFI_64",
                    "is_consistent_volume_naming_enabled": true,
                    "is_pv_encryption_in_transit_enabled": true,
                    "network_type": "PARAVIRTUALIZED",
                    "remote_data_volume_type": "PARAVIRTUALIZED"
                  }
                ],
                "listing_type": "",
                "operating_system": "Oracle Linux",
                "operating_system_version": "7.9",
                "size_in_mbs": "47694",
                "state": "AVAILABLE",
                "time_created": "2023-04-06 14:01:38.92 +0000 UTC"
              },
              {
                "agent_features": [],
                "base_image_id": "",
                "billable_size_in_gbs": "7",
                "compartment_id": "",
                "create_image_allowed": true,
                "defined_tags": {},
                "display_name": "Oracle-Linux-7.9-aarch64-2023.01.31-2",
                "freeform_tags": {},
                "id": "ocid1.image.oc1.iad.aaaaaaaas4d3ov5u4gognzw5xzhwmh2tifdr2k7uulsm5qsqzmxg542sp6uq",
                "image_source_details": [],
                "instance_id": "",
                "launch_mode": "NATIVE",
                "launch_options": [
                  {
                    "boot_volume_type": "PARAVIRTUALIZED",
                    "firmware": "UEFI_64",
                    "is_consistent_volume_naming_enabled": true,
                    "is_pv_encryption_in_transit_enabled": true,
                    "network_type": "PARAVIRTUALIZED",
                    "remote_data_volume_type": "PARAVIRTUALIZED"
                  }
                ],
                "listing_type": "",
                "operating_system": "Oracle Linux",
                "operating_system_version": "7.9",
                "size_in_mbs": "47694",
                "state": "AVAILABLE",
                "time_created": "2023-02-07 21:56:06.259 +0000 UTC"
              },
              {
                "agent_features": [],
                "base_image_id": "",
                "billable_size_in_gbs": "7",
                "compartment_id": "",
                "create_image_allowed": true,
                "defined_tags": {},
                "display_name": "Oracle-Linux-7.9-aarch64-2022.12.15-0",
                "freeform_tags": {},
                "id": "ocid1.image.oc1.iad.aaaaaaaa6wi7kgeum4ttpr3gje3iows4zgfyvfshquwqhfuyhgetjows5rda",
                "image_source_details": [],
                "instance_id": "",
                "launch_mode": "NATIVE",
                "launch_options": [
                  {
                    "boot_volume_type": "PARAVIRTUALIZED",
                    "firmware": "UEFI_64",
                    "is_consistent_volume_naming_enabled": true,
                    "is_pv_encryption_in_transit_enabled": true,
                    "network_type": "PARAVIRTUALIZED",
                    "remote_data_volume_type": "PARAVIRTUALIZED"
                  }
                ],
                "listing_type": "",
                "operating_system": "Oracle Linux",
                "operating_system_version": "7.9",
                "size_in_mbs": "47694",
                "state": "AVAILABLE",
                "time_created": "2022-12-20 21:32:51.296 +0000 UTC"
              }
            ],
            "operating_system": "Oracle Linux",
            "operating_system_version": "7.9",
            "shape": null,
            "sort_by": null,
            "sort_order": null,
            "state": null
          },
          "sensitive_attributes": []
        }
      ]
    },
    {
      "mode": "data",
      "type": "oci_identity_availability_domains",
      "name": "ads",
      "provider": "provider[\"registry.terraform.io/hashicorp/oci\"]",
      "instances": [
        {
          "schema_version": 0,
          "attributes": {
            "availability_domains": [
              {
                "compartment_id": "ocid1.compartment.oc1..aaaaaaaayqbtwebwgjiufspbgt2vzwh4dhmh7pgburzijhed4i74o7xqdnwa",
                "id": "ocid1.availabilitydomain.oc1..aaaaaaaatrwxaogr7dl4yschqtrmqrdv6uzis3mgbnomiagqrfhcb7mxsfdq",
                "name": "PCDN:US-ASHBURN-AD-1"
              },
              {
                "compartment_id": "ocid1.compartment.oc1..aaaaaaaayqbtwebwgjiufspbgt2vzwh4dhmh7pgburzijhed4i74o7xqdnwa",
                "id": "ocid1.availabilitydomain.oc1..aaaaaaaauvt2n7pijol7uqgdnnsoojcukrijtmcltvfwxazmitk235wyohta",
                "name": "PCDN:US-ASHBURN-AD-2"
              },
              {
                "compartment_id": "ocid1.compartment.oc1..aaaaaaaayqbtwebwgjiufspbgt2vzwh4dhmh7pgburzijhed4i74o7xqdnwa",
                "id": "ocid1.availabilitydomain.oc1..aaaaaaaaztunlny6ae4yw2vghp5go2zceaonwp6wiioe3tnh2vlaxjjl2n3a",
                "name": "PCDN:US-ASHBURN-AD-3"
              }
            ],
            "compartment_id": "ocid1.compartment.oc1..aaaaaaaayqbtwebwgjiufspbgt2vzwh4dhmh7pgburzijhed4i74o7xqdnwa",
            "filter": null,
            "id": "IdentityAvailabilityDomainsDataSource-1795830124"
          },
          "sensitive_attributes": []
        }
      ]
    },
    {
      "mode": "managed",
      "type": "oci_artifacts_container_repository",
      "name": "docker_repo",
      "provider": "provider[\"registry.terraform.io/hashicorp/oci\"]",
      "instances": [
        {
          "schema_version": 0,
          "attributes": {
            "billable_size_in_gbs": "0",
            "compartment_id": "ocid1.compartment.oc1..aaaaaaaayqbtwebwgjiufspbgt2vzwh4dhmh7pgburzijhed4i74o7xqdnwa",
            "created_by": "ocid1.user.oc1..aaaaaaaa34q5m5rhn2i3o6g7ufvdv7lornxxln65h4cljz4rlxxtvdnqeerq",
            "display_name": "kubernetes-nginx",
            "id": "ocid1.containerrepo.oc1.iad.0.idxfqxqnytht.aaaaaaaa2ej32qgiww3fhxidxlrqsogpiodzhaeavlooibyaejyxgkaey7mq",
            "image_count": 0,
            "is_immutable": false,
            "is_public": false,
            "layer_count": 0,
            "layers_size_in_bytes": "0",
            "readme": [],
            "state": "AVAILABLE",
            "time_created": "2023-04-08 01:58:12.459 +0000 UTC",
            "time_last_pushed": null,
            "timeouts": null
          },
          "sensitive_attributes": [],
          "private": "eyJlMmJmYjczMC1lY2FhLTExZTYtOGY4OC0zNDM2M2JjN2M0YzAiOnsiY3JlYXRlIjoxMjAwMDAwMDAwMDAwLCJkZWxldGUiOjEyMDAwMDAwMDAwMDAsInVwZGF0ZSI6MTIwMDAwMDAwMDAwMH19"
        }
      ]
    },
    {
      "mode": "managed",
      "type": "oci_containerengine_cluster",
      "name": "k8s_cluster",
      "provider": "provider[\"registry.terraform.io/hashicorp/oci\"]",
      "instances": [
        {
          "schema_version": 0,
          "attributes": {
            "available_kubernetes_upgrades": [],
            "cluster_pod_network_options": [
              {
                "cni_type": "FLANNEL_OVERLAY"
              }
            ],
            "compartment_id": "ocid1.compartment.oc1..aaaaaaaayqbtwebwgjiufspbgt2vzwh4dhmh7pgburzijhed4i74o7xqdnwa",
            "defined_tags": {
              "Oracle-Tags.CreatedBy": "oracleidentitycloudservice/gilby1@gmail.com",
              "Oracle-Tags.CreatedOn": "2023-04-08T02:17:40.362Z"
            },
            "endpoint_config": [
              {
                "is_public_ip_enabled": true,
                "nsg_ids": null,
                "subnet_id": "ocid1.subnet.oc1.iad.aaaaaaaagnjsqn3tfaw2ei4pq4rqcynjd4n5jwqo7izeofzabyy4a5m3nomq"
              }
            ],
            "endpoints": [
              {
                "kubernetes": "",
                "private_endpoint": "10.0.0.19:6443",
                "public_endpoint": "132.226.53.192:6443",
                "vcn_hostname_endpoint": ""
              }
            ],
            "freeform_tags": {},
            "id": "ocid1.cluster.oc1.iad.aaaaaaaaq7le7hzkpnuhb4otx7zwb3lajafwfsjqoajya67gacpj57sywnda",
            "image_policy_config": [
              {
                "is_policy_enabled": false,
                "key_details": []
              }
            ],
            "kms_key_id": null,
            "kubernetes_version": "v1.25.4",
            "lifecycle_details": null,
            "metadata": [
              {
                "created_by_user_id": "ocid1.user.oc1..aaaaaaaa34q5m5rhn2i3o6g7ufvdv7lornxxln65h4cljz4rlxxtvdnqeerq",
                "created_by_work_request_id": "ocid1.clustersworkrequest.oc1.iad.aaaaaaaam7wh5tdhonvokfy3kqgylc72wt6b4c67mt27l2m7vwrsunxmmw6q",
                "deleted_by_user_id": "",
                "deleted_by_work_request_id": "",
                "time_created": "2023-04-08 02:17:41 +0000 UTC",
                "time_deleted": "",
                "time_updated": "",
                "updated_by_user_id": "",
                "updated_by_work_request_id": ""
              }
            ],
            "name": "k8s-cluster",
            "options": [
              {
                "add_ons": [
                  {
                    "is_kubernetes_dashboard_enabled": false,
                    "is_tiller_enabled": false
                  }
                ],
                "admission_controller_options": [
                  {
                    "is_pod_security_policy_enabled": false
                  }
                ],
                "kubernetes_network_config": [
                  {
                    "pods_cidr": "10.244.0.0/16",
                    "services_cidr": "10.96.0.0/16"
                  }
                ],
                "persistent_volume_config": [
                  {
                    "defined_tags": {},
                    "freeform_tags": {}
                  }
                ],
                "service_lb_config": [
                  {
                    "defined_tags": {},
                    "freeform_tags": {}
                  }
                ],
                "service_lb_subnet_ids": [
                  "ocid1.subnet.oc1.iad.aaaaaaaagnjsqn3tfaw2ei4pq4rqcynjd4n5jwqo7izeofzabyy4a5m3nomq"
                ]
              }
            ],
            "state": "ACTIVE",
            "timeouts": null,
            "type": "BASIC_CLUSTER",
            "vcn_id": "ocid1.vcn.oc1.iad.amaaaaaa2322dlyamt4tx4npadggpymkyucy5xea6j73du2lilontt35nd5a"
          },
          "sensitive_attributes": [],
          "private": "eyJlMmJmYjczMC1lY2FhLTExZTYtOGY4OC0zNDM2M2JjN2M0YzAiOnsiY3JlYXRlIjozNjAwMDAwMDAwMDAwLCJkZWxldGUiOjM2MDAwMDAwMDAwMDAsInVwZGF0ZSI6MzYwMDAwMDAwMDAwMH19",
          "dependencies": [
            "module.vcn.oci_core_vcn.vcn",
            "oci_core_subnet.vcn_public_subnet"
          ]
        }
      ]
    },
    {
      "mode": "managed",
      "type": "oci_core_security_list",
      "name": "private_subnet_sl",
      "provider": "provider[\"registry.terraform.io/hashicorp/oci\"]",
      "instances": [
        {
          "schema_version": 0,
          "attributes": {
            "compartment_id": "ocid1.compartment.oc1..aaaaaaaayqbtwebwgjiufspbgt2vzwh4dhmh7pgburzijhed4i74o7xqdnwa",
            "defined_tags": {
              "Oracle-Tags.CreatedBy": "oracleidentitycloudservice/gilby1@gmail.com",
              "Oracle-Tags.CreatedOn": "2023-04-08T02:06:34.293Z"
            },
            "display_name": "k8s-private-subnet-sl",
            "egress_security_rules": [
              {
                "description": "",
                "destination": "0.0.0.0/0",
                "destination_type": "CIDR_BLOCK",
                "icmp_options": [],
                "protocol": "all",
                "stateless": false,
                "tcp_options": [],
                "udp_options": []
              }
            ],
            "freeform_tags": {},
            "id": "ocid1.securitylist.oc1.iad.aaaaaaaafqfs7feofmncc7dak47elgatq4gu5zb5hwqc3454ehsqj2xdvgtq",
            "ingress_security_rules": [
              {
                "description": "",
                "icmp_options": [],
                "protocol": "6",
                "source": "10.0.0.0/24",
                "source_type": "CIDR_BLOCK",
                "stateless": false,
                "tcp_options": [
                  {
                    "max": 10256,
                    "min": 10256,
                    "source_port_range": []
                  }
                ],
                "udp_options": []
              },
              {
                "description": "",
                "icmp_options": [],
                "protocol": "6",
                "source": "10.0.0.0/24",
                "source_type": "CIDR_BLOCK",
                "stateless": false,
                "tcp_options": [
                  {
                    "max": 31600,
                    "min": 31600,
                    "source_port_range": []
                  }
                ],
                "udp_options": []
              },
              {
                "description": "",
                "icmp_options": [],
                "protocol": "all",
                "source": "10.0.0.0/16",
                "source_type": "CIDR_BLOCK",
                "stateless": false,
                "tcp_options": [],
                "udp_options": []
              }
            ],
            "state": "AVAILABLE",
            "time_created": "2023-04-08 02:06:34.342 +0000 UTC",
            "timeouts": null,
            "vcn_id": "ocid1.vcn.oc1.iad.amaaaaaa2322dlyamt4tx4npadggpymkyucy5xea6j73du2lilontt35nd5a"
          },
          "sensitive_attributes": [],
          "private": "eyJlMmJmYjczMC1lY2FhLTExZTYtOGY4OC0zNDM2M2JjN2M0YzAiOnsiY3JlYXRlIjoxMjAwMDAwMDAwMDAwLCJkZWxldGUiOjEyMDAwMDAwMDAwMDAsInVwZGF0ZSI6MTIwMDAwMDAwMDAwMH19",
          "dependencies": [
            "module.vcn.oci_core_vcn.vcn"
          ]
        }
      ]
    },
    {
      "mode": "managed",
      "type": "oci_core_security_list",
      "name": "public_subnet_sl",
      "provider": "provider[\"registry.terraform.io/hashicorp/oci\"]",
      "instances": [
        {
          "schema_version": 0,
          "attributes": {
            "compartment_id": "ocid1.compartment.oc1..aaaaaaaayqbtwebwgjiufspbgt2vzwh4dhmh7pgburzijhed4i74o7xqdnwa",
            "defined_tags": {
              "Oracle-Tags.CreatedBy": "oracleidentitycloudservice/gilby1@gmail.com",
              "Oracle-Tags.CreatedOn": "2023-04-08T02:06:34.583Z"
            },
            "display_name": "k8s-public-subnet-sl",
            "egress_security_rules": [
              {
                "description": "",
                "destination": "0.0.0.0/0",
                "destination_type": "CIDR_BLOCK",
                "icmp_options": [],
                "protocol": "all",
                "stateless": false,
                "tcp_options": [],
                "udp_options": []
              },
              {
                "description": "",
                "destination": "10.0.1.0/24",
                "destination_type": "CIDR_BLOCK",
                "icmp_options": [],
                "protocol": "6",
                "stateless": false,
                "tcp_options": [
                  {
                    "max": 10256,
                    "min": 10256,
                    "source_port_range": []
                  }
                ],
                "udp_options": []
              },
              {
                "description": "",
                "destination": "10.0.1.0/24",
                "destination_type": "CIDR_BLOCK",
                "icmp_options": [],
                "protocol": "6",
                "stateless": false,
                "tcp_options": [
                  {
                    "max": 31600,
                    "min": 31600,
                    "source_port_range": []
                  }
                ],
                "udp_options": []
              }
            ],
            "freeform_tags": {},
            "id": "ocid1.securitylist.oc1.iad.aaaaaaaas7mi4izs3pukpr3xuuv2esrudsdxgm7pzs2o4duwxpkwwhz4i4cq",
            "ingress_security_rules": [
              {
                "description": "",
                "icmp_options": [],
                "protocol": "6",
                "source": "0.0.0.0/0",
                "source_type": "CIDR_BLOCK",
                "stateless": false,
                "tcp_options": [
                  {
                    "max": 6443,
                    "min": 6443,
                    "source_port_range": []
                  }
                ],
                "udp_options": []
              },
              {
                "description": "",
                "icmp_options": [],
                "protocol": "6",
                "source": "0.0.0.0/0",
                "source_type": "CIDR_BLOCK",
                "stateless": false,
                "tcp_options": [
                  {
                    "max": 80,
                    "min": 80,
                    "source_port_range": []
                  }
                ],
                "udp_options": []
              },
              {
                "description": "",
                "icmp_options": [],
                "protocol": "all",
                "source": "10.0.0.0/16",
                "source_type": "CIDR_BLOCK",
                "stateless": false,
                "tcp_options": [],
                "udp_options": []
              }
            ],
            "state": "AVAILABLE",
            "time_created": "2023-04-08 02:06:34.635 +0000 UTC",
            "timeouts": null,
            "vcn_id": "ocid1.vcn.oc1.iad.amaaaaaa2322dlyamt4tx4npadggpymkyucy5xea6j73du2lilontt35nd5a"
          },
          "sensitive_attributes": [],
          "private": "eyJlMmJmYjczMC1lY2FhLTExZTYtOGY4OC0zNDM2M2JjN2M0YzAiOnsiY3JlYXRlIjoxMjAwMDAwMDAwMDAwLCJkZWxldGUiOjEyMDAwMDAwMDAwMDAsInVwZGF0ZSI6MTIwMDAwMDAwMDAwMH19",
          "dependencies": [
            "module.vcn.oci_core_vcn.vcn"
          ]
        }
      ]
    },
    {
      "mode": "managed",
      "type": "oci_core_subnet",
      "name": "vcn_private_subnet",
      "provider": "provider[\"registry.terraform.io/hashicorp/oci\"]",
      "instances": [
        {
          "schema_version": 0,
          "attributes": {
            "availability_domain": null,
            "cidr_block": "10.0.1.0/24",
            "compartment_id": "ocid1.compartment.oc1..aaaaaaaayqbtwebwgjiufspbgt2vzwh4dhmh7pgburzijhed4i74o7xqdnwa",
            "defined_tags": {
              "Oracle-Tags.CreatedBy": "oracleidentitycloudservice/gilby1@gmail.com",
              "Oracle-Tags.CreatedOn": "2023-04-08T02:06:37.135Z"
            },
            "dhcp_options_id": "ocid1.dhcpoptions.oc1.iad.aaaaaaaahop3y2ljuxx6z6fr7gykmghu5s4r4duqx6umveqol3vpnqa6aloa",
            "display_name": "k8s-private-subnet",
            "dns_label": null,
            "freeform_tags": {},
            "id": "ocid1.subnet.oc1.iad.aaaaaaaarkqykgv2krllrfdfma34mcsmdbfdikb2mwvrah4peknja4ygeh4q",
            "ipv6cidr_block": null,
            "ipv6cidr_blocks": [],
            "ipv6virtual_router_ip": null,
            "prohibit_internet_ingress": true,
            "prohibit_public_ip_on_vnic": true,
            "route_table_id": "ocid1.routetable.oc1.iad.aaaaaaaahntz7wgq2uwlypjjyggw2sqd2qrfymcofneropgcvbmgkgvwssaq",
            "security_list_ids": [
              "ocid1.securitylist.oc1.iad.aaaaaaaafqfs7feofmncc7dak47elgatq4gu5zb5hwqc3454ehsqj2xdvgtq"
            ],
            "state": "AVAILABLE",
            "subnet_domain_name": null,
            "time_created": "2023-04-08 02:06:39.494 +0000 UTC",
            "timeouts": null,
            "vcn_id": "ocid1.vcn.oc1.iad.amaaaaaa2322dlyamt4tx4npadggpymkyucy5xea6j73du2lilontt35nd5a",
            "virtual_router_ip": "10.0.1.1",
            "virtual_router_mac": "00:00:17:E1:5E:49"
          },
          "sensitive_attributes": [],
          "private": "eyJlMmJmYjczMC1lY2FhLTExZTYtOGY4OC0zNDM2M2JjN2M0YzAiOnsiY3JlYXRlIjoxMjAwMDAwMDAwMDAwLCJkZWxldGUiOjEyMDAwMDAwMDAwMDAsInVwZGF0ZSI6MTIwMDAwMDAwMDAwMH19",
          "dependencies": [
            "module.vcn.data.oci_core_services.all_oci_services",
            "module.vcn.module.drg_from_vcn_module.oci_core_drg.drg",
            "module.vcn.oci_core_nat_gateway.nat_gateway",
            "module.vcn.oci_core_route_table.nat",
            "module.vcn.oci_core_service_gateway.service_gateway",
            "module.vcn.oci_core_vcn.vcn",
            "oci_core_security_list.private_subnet_sl"
          ]
        }
      ]
    },
    {
      "mode": "managed",
      "type": "oci_core_subnet",
      "name": "vcn_public_subnet",
      "provider": "provider[\"registry.terraform.io/hashicorp/oci\"]",
      "instances": [
        {
          "schema_version": 0,
          "attributes": {
            "availability_domain": null,
            "cidr_block": "10.0.0.0/24",
            "compartment_id": "ocid1.compartment.oc1..aaaaaaaayqbtwebwgjiufspbgt2vzwh4dhmh7pgburzijhed4i74o7xqdnwa",
            "defined_tags": {
              "Oracle-Tags.CreatedBy": "oracleidentitycloudservice/gilby1@gmail.com",
              "Oracle-Tags.CreatedOn": "2023-04-08T02:06:37.135Z"
            },
            "dhcp_options_id": "ocid1.dhcpoptions.oc1.iad.aaaaaaaahop3y2ljuxx6z6fr7gykmghu5s4r4duqx6umveqol3vpnqa6aloa",
            "display_name": "k8s-public-subnet",
            "dns_label": null,
            "freeform_tags": {},
            "id": "ocid1.subnet.oc1.iad.aaaaaaaagnjsqn3tfaw2ei4pq4rqcynjd4n5jwqo7izeofzabyy4a5m3nomq",
            "ipv6cidr_block": null,
            "ipv6cidr_blocks": [],
            "ipv6virtual_router_ip": null,
            "prohibit_internet_ingress": false,
            "prohibit_public_ip_on_vnic": false,
            "route_table_id": "ocid1.routetable.oc1.iad.aaaaaaaae3uvlqcg2difrlds4mv64edjr3scbpkcxhkhvjwjyy23auncu3xq",
            "security_list_ids": [
              "ocid1.securitylist.oc1.iad.aaaaaaaas7mi4izs3pukpr3xuuv2esrudsdxgm7pzs2o4duwxpkwwhz4i4cq"
            ],
            "state": "AVAILABLE",
            "subnet_domain_name": null,
            "time_created": "2023-04-08 02:06:37.244 +0000 UTC",
            "timeouts": null,
            "vcn_id": "ocid1.vcn.oc1.iad.amaaaaaa2322dlyamt4tx4npadggpymkyucy5xea6j73du2lilontt35nd5a",
            "virtual_router_ip": "10.0.0.1",
            "virtual_router_mac": "00:00:17:E1:5E:49"
          },
          "sensitive_attributes": [],
          "private": "eyJlMmJmYjczMC1lY2FhLTExZTYtOGY4OC0zNDM2M2JjN2M0YzAiOnsiY3JlYXRlIjoxMjAwMDAwMDAwMDAwLCJkZWxldGUiOjEyMDAwMDAwMDAwMDAsInVwZGF0ZSI6MTIwMDAwMDAwMDAwMH19",
          "dependencies": [
            "module.vcn.module.drg_from_vcn_module.oci_core_drg.drg",
            "module.vcn.oci_core_internet_gateway.ig",
            "module.vcn.oci_core_route_table.ig",
            "module.vcn.oci_core_vcn.vcn",
            "oci_core_security_list.public_subnet_sl"
          ]
        }
      ]
    },
    {
      "module": "module.vcn",
      "mode": "data",
      "type": "oci_core_services",
      "name": "all_oci_services",
      "provider": "provider[\"registry.terraform.io/hashicorp/oci\"]",
      "instances": [
        {
          "index_key": 0,
          "schema_version": 0,
          "attributes": {
            "filter": [
              {
                "name": "name",
                "regex": true,
                "values": [
                  "All .* Services In Oracle Services Network"
                ]
              }
            ],
            "id": "CoreServicesDataSource-0",
            "services": [
              {
                "cidr_block": "all-iad-services-in-oracle-services-network",
                "description": "All IAD Services In Oracle Services Network",
                "id": "ocid1.service.oc1.iad.aaaaaaaam4zfmy2rjue6fmglumm3czgisxzrnvrwqeodtztg7hwa272mlfna",
                "name": "All IAD Services In Oracle Services Network"
              }
            ]
          },
          "sensitive_attributes": []
        }
      ]
    },
    {
      "module": "module.vcn",
      "mode": "managed",
      "type": "oci_core_default_security_list",
      "name": "lockdown",
      "provider": "provider[\"registry.terraform.io/hashicorp/oci\"]",
      "instances": [
        {
          "index_key": 0,
          "schema_version": 0,
          "attributes": {
            "compartment_id": "ocid1.compartment.oc1..aaaaaaaayqbtwebwgjiufspbgt2vzwh4dhmh7pgburzijhed4i74o7xqdnwa",
            "defined_tags": {
              "Oracle-Tags.CreatedBy": "oracleidentitycloudservice/gilby1@gmail.com",
              "Oracle-Tags.CreatedOn": "2023-04-08T02:06:32.012Z"
            },
            "display_name": "Default Security List for k8s-vcn",
            "egress_security_rules": [],
            "freeform_tags": {
              "module": "oracle-terraform-modules/vcn/oci",
              "terraformed": "Please do not edit manually"
            },
            "id": "ocid1.securitylist.oc1.iad.aaaaaaaay4ttjrvogue5uxget5hst2pu4vbr2vbph3zc46delf2qvn5nogpa",
            "ingress_security_rules": [],
            "manage_default_resource_id": "ocid1.securitylist.oc1.iad.aaaaaaaay4ttjrvogue5uxget5hst2pu4vbr2vbph3zc46delf2qvn5nogpa",
            "state": "AVAILABLE",
            "time_created": "2023-04-08 02:06:32.128 +0000 UTC",
            "timeouts": null
          },
          "sensitive_attributes": [],
          "private": "eyJlMmJmYjczMC1lY2FhLTExZTYtOGY4OC0zNDM2M2JjN2M0YzAiOnsiY3JlYXRlIjoxMjAwMDAwMDAwMDAwLCJkZWxldGUiOjEyMDAwMDAwMDAwMDAsInVwZGF0ZSI6MTIwMDAwMDAwMDAwMH19",
          "dependencies": [
            "module.vcn.oci_core_vcn.vcn"
          ]
        }
      ]
    },
    {
      "module": "module.vcn",
      "mode": "managed",
      "type": "oci_core_internet_gateway",
      "name": "ig",
      "provider": "provider[\"registry.terraform.io/hashicorp/oci\"]",
      "instances": [
        {
          "index_key": 0,
          "schema_version": 0,
          "attributes": {
            "compartment_id": "ocid1.compartment.oc1..aaaaaaaayqbtwebwgjiufspbgt2vzwh4dhmh7pgburzijhed4i74o7xqdnwa",
            "defined_tags": {
              "Oracle-Tags.CreatedBy": "oracleidentitycloudservice/gilby1@gmail.com",
              "Oracle-Tags.CreatedOn": "2023-04-08T02:06:33.992Z"
            },
            "display_name": "internet-gateway",
            "enabled": true,
            "freeform_tags": {
              "module": "oracle-terraform-modules/vcn/oci",
              "terraformed": "Please do not edit manually"
            },
            "id": "ocid1.internetgateway.oc1.iad.aaaaaaaapepgbqabxztvpoyryvdwz5eoj5ugtp5bairr72mvuf4hoat5oblq",
            "route_table_id": null,
            "state": "AVAILABLE",
            "time_created": "2023-04-08 02:06:34.067 +0000 UTC",
            "timeouts": null,
            "vcn_id": "ocid1.vcn.oc1.iad.amaaaaaa2322dlyamt4tx4npadggpymkyucy5xea6j73du2lilontt35nd5a"
          },
          "sensitive_attributes": [],
          "private": "eyJlMmJmYjczMC1lY2FhLTExZTYtOGY4OC0zNDM2M2JjN2M0YzAiOnsiY3JlYXRlIjoxMjAwMDAwMDAwMDAwLCJkZWxldGUiOjEyMDAwMDAwMDAwMDAsInVwZGF0ZSI6MTIwMDAwMDAwMDAwMH19",
          "dependencies": [
            "module.vcn.oci_core_vcn.vcn"
          ]
        }
      ]
    },
    {
      "module": "module.vcn",
      "mode": "managed",
      "type": "oci_core_nat_gateway",
      "name": "nat_gateway",
      "provider": "provider[\"registry.terraform.io/hashicorp/oci\"]",
      "instances": [
        {
          "index_key": 0,
          "schema_version": 0,
          "attributes": {
            "block_traffic": false,
            "compartment_id": "ocid1.compartment.oc1..aaaaaaaayqbtwebwgjiufspbgt2vzwh4dhmh7pgburzijhed4i74o7xqdnwa",
            "defined_tags": {
              "Oracle-Tags.CreatedBy": "oracleidentitycloudservice/gilby1@gmail.com",
              "Oracle-Tags.CreatedOn": "2023-04-08T02:06:34.281Z"
            },
            "display_name": "nat-gateway",
            "freeform_tags": {
              "module": "oracle-terraform-modules/vcn/oci",
              "terraformed": "Please do not edit manually"
            },
            "id": "ocid1.natgateway.oc1.iad.aaaaaaaayaqa7oqwqclz6gln7lqhzaif45x2lij63avblozpkywruvy5q6sq",
            "nat_ip": "129.80.237.139",
            "public_ip_id": "ocid1.publicip.oc1.iad.aaaaaaaahytvw3c3mblwmudsp2marlwxus62n57gionokptwdfbmzi5s3byq",
            "route_table_id": null,
            "state": "AVAILABLE",
            "time_created": "2023-04-08 02:06:34.664 +0000 UTC",
            "timeouts": null,
            "vcn_id": "ocid1.vcn.oc1.iad.amaaaaaa2322dlyamt4tx4npadggpymkyucy5xea6j73du2lilontt35nd5a"
          },
          "sensitive_attributes": [],
          "private": "eyJlMmJmYjczMC1lY2FhLTExZTYtOGY4OC0zNDM2M2JjN2M0YzAiOnsiY3JlYXRlIjoxMjAwMDAwMDAwMDAwLCJkZWxldGUiOjEyMDAwMDAwMDAwMDAsInVwZGF0ZSI6MTIwMDAwMDAwMDAwMH19",
          "dependencies": [
            "module.vcn.oci_core_vcn.vcn"
          ]
        }
      ]
    },
    {
      "module": "module.vcn",
      "mode": "managed",
      "type": "oci_core_route_table",
      "name": "ig",
      "provider": "provider[\"registry.terraform.io/hashicorp/oci\"]",
      "instances": [
        {
          "index_key": 0,
          "schema_version": 0,
          "attributes": {
            "compartment_id": "ocid1.compartment.oc1..aaaaaaaayqbtwebwgjiufspbgt2vzwh4dhmh7pgburzijhed4i74o7xqdnwa",
            "defined_tags": {
              "Oracle-Tags.CreatedBy": "oracleidentitycloudservice/gilby1@gmail.com",
              "Oracle-Tags.CreatedOn": "2023-04-08T02:06:35.538Z"
            },
            "display_name": "internet-route",
            "freeform_tags": {
              "module": "oracle-terraform-modules/vcn/oci",
              "terraformed": "Please do not edit manually"
            },
            "id": "ocid1.routetable.oc1.iad.aaaaaaaae3uvlqcg2difrlds4mv64edjr3scbpkcxhkhvjwjyy23auncu3xq",
            "route_rules": [
              {
                "cidr_block": "",
                "description": "Terraformed - Auto-generated at Internet Gateway creation: Internet Gateway as default gateway",
                "destination": "0.0.0.0/0",
                "destination_type": "CIDR_BLOCK",
                "network_entity_id": "ocid1.internetgateway.oc1.iad.aaaaaaaapepgbqabxztvpoyryvdwz5eoj5ugtp5bairr72mvuf4hoat5oblq",
                "route_type": ""
              }
            ],
            "state": "AVAILABLE",
            "time_created": "2023-04-08 02:06:35.56 +0000 UTC",
            "timeouts": null,
            "vcn_id": "ocid1.vcn.oc1.iad.amaaaaaa2322dlyamt4tx4npadggpymkyucy5xea6j73du2lilontt35nd5a"
          },
          "sensitive_attributes": [],
          "private": "eyJlMmJmYjczMC1lY2FhLTExZTYtOGY4OC0zNDM2M2JjN2M0YzAiOnsiY3JlYXRlIjoxMjAwMDAwMDAwMDAwLCJkZWxldGUiOjEyMDAwMDAwMDAwMDAsInVwZGF0ZSI6MTIwMDAwMDAwMDAwMH19",
          "dependencies": [
            "module.vcn.module.drg_from_vcn_module.oci_core_drg.drg",
            "module.vcn.oci_core_internet_gateway.ig",
            "module.vcn.oci_core_vcn.vcn"
          ]
        }
      ]
    },
    {
      "module": "module.vcn",
      "mode": "managed",
      "type": "oci_core_route_table",
      "name": "nat",
      "provider": "provider[\"registry.terraform.io/hashicorp/oci\"]",
      "instances": [
        {
          "index_key": 0,
          "schema_version": 0,
          "attributes": {
            "compartment_id": "ocid1.compartment.oc1..aaaaaaaayqbtwebwgjiufspbgt2vzwh4dhmh7pgburzijhed4i74o7xqdnwa",
            "defined_tags": {
              "Oracle-Tags.CreatedBy": "oracleidentitycloudservice/gilby1@gmail.com",
              "Oracle-Tags.CreatedOn": "2023-04-08T02:06:37.294Z"
            },
            "display_name": "nat-route",
            "freeform_tags": {
              "module": "oracle-terraform-modules/vcn/oci",
              "terraformed": "Please do not edit manually"
            },
            "id": "ocid1.routetable.oc1.iad.aaaaaaaahntz7wgq2uwlypjjyggw2sqd2qrfymcofneropgcvbmgkgvwssaq",
            "route_rules": [
              {
                "cidr_block": "",
                "description": "Terraformed - Auto-generated at NAT Gateway creation: NAT Gateway as default gateway",
                "destination": "0.0.0.0/0",
                "destination_type": "CIDR_BLOCK",
                "network_entity_id": "ocid1.natgateway.oc1.iad.aaaaaaaayaqa7oqwqclz6gln7lqhzaif45x2lij63avblozpkywruvy5q6sq",
                "route_type": ""
              },
              {
                "cidr_block": "",
                "description": "Terraformed - Auto-generated at Service Gateway creation: All Services in region to Service Gateway",
                "destination": "all-iad-services-in-oracle-services-network",
                "destination_type": "SERVICE_CIDR_BLOCK",
                "network_entity_id": "ocid1.servicegateway.oc1.iad.aaaaaaaaucpvfnvl5ynlbn7hfgbf3kunhrz7othls44a6e4sn6sum2wuka3a",
                "route_type": ""
              }
            ],
            "state": "AVAILABLE",
            "time_created": "2023-04-08 02:06:37.363 +0000 UTC",
            "timeouts": null,
            "vcn_id": "ocid1.vcn.oc1.iad.amaaaaaa2322dlyamt4tx4npadggpymkyucy5xea6j73du2lilontt35nd5a"
          },
          "sensitive_attributes": [],
          "private": "eyJlMmJmYjczMC1lY2FhLTExZTYtOGY4OC0zNDM2M2JjN2M0YzAiOnsiY3JlYXRlIjoxMjAwMDAwMDAwMDAwLCJkZWxldGUiOjEyMDAwMDAwMDAwMDAsInVwZGF0ZSI6MTIwMDAwMDAwMDAwMH19",
          "dependencies": [
            "module.vcn.data.oci_core_services.all_oci_services",
            "module.vcn.module.drg_from_vcn_module.oci_core_drg.drg",
            "module.vcn.oci_core_nat_gateway.nat_gateway",
            "module.vcn.oci_core_service_gateway.service_gateway",
            "module.vcn.oci_core_vcn.vcn"
          ]
        }
      ]
    },
    {
      "module": "module.vcn",
      "mode": "managed",
      "type": "oci_core_service_gateway",
      "name": "service_gateway",
      "provider": "provider[\"registry.terraform.io/hashicorp/oci\"]",
      "instances": [
        {
          "index_key": 0,
          "schema_version": 0,
          "attributes": {
            "block_traffic": false,
            "compartment_id": "ocid1.compartment.oc1..aaaaaaaayqbtwebwgjiufspbgt2vzwh4dhmh7pgburzijhed4i74o7xqdnwa",
            "defined_tags": {
              "Oracle-Tags.CreatedBy": "oracleidentitycloudservice/gilby1@gmail.com",
              "Oracle-Tags.CreatedOn": "2023-04-08T02:06:34.047Z"
            },
            "display_name": "service-gateway",
            "freeform_tags": {
              "module": "oracle-terraform-modules/vcn/oci",
              "terraformed": "Please do not edit manually"
            },
            "id": "ocid1.servicegateway.oc1.iad.aaaaaaaaucpvfnvl5ynlbn7hfgbf3kunhrz7othls44a6e4sn6sum2wuka3a",
            "route_table_id": null,
            "services": [
              {
                "service_id": "ocid1.service.oc1.iad.aaaaaaaam4zfmy2rjue6fmglumm3czgisxzrnvrwqeodtztg7hwa272mlfna",
                "service_name": "All IAD Services In Oracle Services Network"
              }
            ],
            "state": "AVAILABLE",
            "time_created": "2023-04-08 02:06:35.149 +0000 UTC",
            "timeouts": null,
            "vcn_id": "ocid1.vcn.oc1.iad.amaaaaaa2322dlyamt4tx4npadggpymkyucy5xea6j73du2lilontt35nd5a"
          },
          "sensitive_attributes": [],
          "private": "eyJlMmJmYjczMC1lY2FhLTExZTYtOGY4OC0zNDM2M2JjN2M0YzAiOnsiY3JlYXRlIjoxMjAwMDAwMDAwMDAwLCJkZWxldGUiOjEyMDAwMDAwMDAwMDAsInVwZGF0ZSI6MTIwMDAwMDAwMDAwMH19",
          "dependencies": [
            "module.vcn.data.oci_core_services.all_oci_services",
            "module.vcn.oci_core_vcn.vcn"
          ]
        }
      ]
    },
    {
      "module": "module.vcn",
      "mode": "managed",
      "type": "oci_core_vcn",
      "name": "vcn",
      "provider": "provider[\"registry.terraform.io/hashicorp/oci\"]",
      "instances": [
        {
          "schema_version": 0,
          "attributes": {
            "byoipv6cidr_blocks": [],
            "byoipv6cidr_details": [],
            "cidr_block": "10.0.0.0/16",
            "cidr_blocks": [
              "10.0.0.0/16"
            ],
            "compartment_id": "ocid1.compartment.oc1..aaaaaaaayqbtwebwgjiufspbgt2vzwh4dhmh7pgburzijhed4i74o7xqdnwa",
            "default_dhcp_options_id": "ocid1.dhcpoptions.oc1.iad.aaaaaaaahop3y2ljuxx6z6fr7gykmghu5s4r4duqx6umveqol3vpnqa6aloa",
            "default_route_table_id": "ocid1.routetable.oc1.iad.aaaaaaaawn5v2ibhtcjbkbj46c3h3npqyiztctp5g2pgduuineabjoi2sxfa",
            "default_security_list_id": "ocid1.securitylist.oc1.iad.aaaaaaaay4ttjrvogue5uxget5hst2pu4vbr2vbph3zc46delf2qvn5nogpa",
            "defined_tags": {
              "Oracle-Tags.CreatedBy": "oracleidentitycloudservice/gilby1@gmail.com",
              "Oracle-Tags.CreatedOn": "2023-04-08T02:06:32.012Z"
            },
            "display_name": "k8s-vcn",
            "dns_label": "k8svcn",
            "freeform_tags": {
              "module": "oracle-terraform-modules/vcn/oci",
              "terraformed": "Please do not edit manually"
            },
            "id": "ocid1.vcn.oc1.iad.amaaaaaa2322dlyamt4tx4npadggpymkyucy5xea6j73du2lilontt35nd5a",
            "ipv6cidr_blocks": [],
            "ipv6private_cidr_blocks": [],
            "is_ipv6enabled": false,
            "is_oracle_gua_allocation_enabled": null,
            "state": "AVAILABLE",
            "time_created": "2023-04-08 02:06:32.128 +0000 UTC",
            "timeouts": null,
            "vcn_domain_name": "k8svcn.oraclevcn.com"
          },
          "sensitive_attributes": [],
          "private": "eyJlMmJmYjczMC1lY2FhLTExZTYtOGY4OC0zNDM2M2JjN2M0YzAiOnsiY3JlYXRlIjoxMjAwMDAwMDAwMDAwLCJkZWxldGUiOjEyMDAwMDAwMDAwMDAsInVwZGF0ZSI6MTIwMDAwMDAwMDAwMH19"
        }
      ]
    }
  ],
  "check_results": null
}
